<?xml version="1.0" encoding="utf-8"?>
<Project ToolsVersion="4.0" xmlns="http://schemas.microsoft.com/developer/msbuild/2003">
  <ItemGroup>
    <FxCompile Include="Shaders\VertexShader.hlsl">
      <Filter>Shaders</Filter>
    </FxCompile>
    <FxCompile Include="Shaders\PixelShader.hlsl">
      <Filter>Shaders</Filter>
    </FxCompile>
  </ItemGroup>
  <ItemGroup>
    <ClCompile Include="Obstacle.cpp">
      <Filter>Source</Filter>
    </ClCompile>
    <ClCompile Include="WorldManager.cpp">
      <Filter>Source</Filter>
    </ClCompile>
    <ClCompile Include="WorldChunk.cpp">
      <Filter>Source</Filter>
    </ClCompile>
    <ClCompile Include="Mesh.cpp">
      <Filter>Source</Filter>
    </ClCompile>
    <ClCompile Include="Material.cpp">
      <Filter>Source</Filter>
    </ClCompile>
    <ClCompile Include="InputManager.cpp">
      <Filter>Source</Filter>
    </ClCompile>
    <ClCompile Include="Camera.cpp">
      <Filter>Source</Filter>
    </ClCompile>
    <ClCompile Include="DebugCameraController.cpp">
      <Filter>Source</Filter>
    </ClCompile>
    <ClCompile Include="DirectXGame.cpp">
      <Filter>Source</Filter>
    </ClCompile>
    <ClCompile Include="dxerr.cpp">
      <Filter>Source</Filter>
    </ClCompile>
    <ClCompile Include="Game.cpp">
      <Filter>Source</Filter>
    </ClCompile>
    <ClCompile Include="GameManager.cpp">
      <Filter>Source</Filter>
    </ClCompile>
    <ClCompile Include="GameEntity.cpp">
      <Filter>Source</Filter>
    </ClCompile>
    <ClCompile Include="GameTimer.cpp">
      <Filter>Source</Filter>
    </ClCompile>
  </ItemGroup>
  <ItemGroup>
    <ClInclude Include="Camera.h">
      <Filter>Headers</Filter>
    </ClInclude>
    <ClInclude Include="DebugCameraController.h">
      <Filter>Headers</Filter>
    </ClInclude>
    <ClInclude Include="DirectXGame.h">
      <Filter>Headers</Filter>
    </ClInclude>
    <ClInclude Include="dxerr.h">
      <Filter>Headers</Filter>
    </ClInclude>
    <ClInclude Include="Game.h">
      <Filter>Headers</Filter>
    </ClInclude>
    <ClInclude Include="GameEntity.h">
      <Filter>Headers</Filter>
    </ClInclude>
    <ClInclude Include="GameManager.h">
      <Filter>Headers</Filter>
    </ClInclude>
    <ClInclude Include="GameTimer.h">
      <Filter>Headers</Filter>
    </ClInclude>
    <ClInclude Include="InputManager.h">
      <Filter>Headers</Filter>
    </ClInclude>
    <ClInclude Include="Material.h">
      <Filter>Headers</Filter>
    </ClInclude>
    <ClInclude Include="Mesh.h">
      <Filter>Headers</Filter>
    </ClInclude>
    <ClInclude Include="Obstacle.h">
      <Filter>Headers</Filter>
    </ClInclude>
    <ClInclude Include="WorldChunk.h">
      <Filter>Headers</Filter>
    </ClInclude>
    <ClInclude Include="WorldManager.h">
      <Filter>Headers</Filter>
    </ClInclude>
  </ItemGroup>
  <ItemGroup>
    <Filter Include="Headers">
      <UniqueIdentifier>{580a3ca7-10af-4aa1-a946-981169138a65}</UniqueIdentifier>
    </Filter>
    <Filter Include="Source">
      <UniqueIdentifier>{774d5b0a-b572-45bb-9aa7-0a9adcf1dff2}</UniqueIdentifier>
    </Filter>
    <Filter Include="Shaders">
      <UniqueIdentifier>{99faca7d-5bf0-443b-ab36-a300273f4f74}</UniqueIdentifier>
    </Filter>
  </ItemGroup>
</Project>